// !$*UTF8*$!
{
	archiveVersion = 1;
	classes = {
	};
	objectVersion = 50;
	objects = {

/* Begin PBXBuildFile section */
		E90DDDBE2281D59D00F512E7 /* AppDelegate.swift in Sources */ = {isa = PBXBuildFile; fileRef = E90DDDBD2281D59D00F512E7 /* AppDelegate.swift */; };
		E90DDDC02281D59D00F512E7 /* ViewController.swift in Sources */ = {isa = PBXBuildFile; fileRef = E90DDDBF2281D59D00F512E7 /* ViewController.swift */; };
		E90DDDC32281D59D00F512E7 /* Main.storyboard in Resources */ = {isa = PBXBuildFile; fileRef = E90DDDC12281D59D00F512E7 /* Main.storyboard */; };
		E90DDDC52281D59F00F512E7 /* Assets.xcassets in Resources */ = {isa = PBXBuildFile; fileRef = E90DDDC42281D59F00F512E7 /* Assets.xcassets */; };
		E90DDDC82281D59F00F512E7 /* LaunchScreen.storyboard in Resources */ = {isa = PBXBuildFile; fileRef = E90DDDC62281D59F00F512E7 /* LaunchScreen.storyboard */; };
		E90DDDD32281D59F00F512E7 /* LeftBarSampleTests.swift in Sources */ = {isa = PBXBuildFile; fileRef = E90DDDD22281D59F00F512E7 /* LeftBarSampleTests.swift */; };
/* End PBXBuildFile section */

/* Begin PBXContainerItemProxy section */
		E90DDDCF2281D59F00F512E7 /* PBXContainerItemProxy */ = {
			isa = PBXContainerItemProxy;
			containerPortal = E90DDDB22281D59D00F512E7 /* Project object */;
			proxyType = 1;
			remoteGlobalIDString = E90DDDB92281D59D00F512E7;
			remoteInfo = LeftBarSample;
		};
/* End PBXContainerItemProxy section */

/* Begin PBXFileReference section */
		E90DDDBA2281D59D00F512E7 /* LeftBarSample.app */ = {isa = PBXFileReference; explicitFileType = wrapper.application; includeInIndex = 0; path = LeftBarSample.app; sourceTree = BUILT_PRODUCTS_DIR; };
		E90DDDBD2281D59D00F512E7 /* AppDelegate.swift */ = {isa = PBXFileReference; lastKnownFileType = sourcecode.swift; path = AppDelegate.swift; sourceTree = "<group>"; };
		E90DDDBF2281D59D00F512E7 /* ViewController.swift */ = {isa = PBXFileReference; lastKnownFileType = sourcecode.swift; path = ViewController.swift; sourceTree = "<group>"; };
		E90DDDC22281D59D00F512E7 /* Base */ = {isa = PBXFileReference; lastKnownFileType = file.storyboard; name = Base; path = Base.lproj/Main.storyboard; sourceTree = "<group>"; };
		E90DDDC42281D59F00F512E7 /* Assets.xcassets */ = {isa = PBXFileReference; lastKnownFileType = folder.assetcatalog; path = Assets.xcassets; sourceTree = "<group>"; };
		E90DDDC72281D59F00F512E7 /* Base */ = {isa = PBXFileReference; lastKnownFileType = file.storyboard; name = Base; path = Base.lproj/LaunchScreen.storyboard; sourceTree = "<group>"; };
		E90DDDC92281D59F00F512E7 /* Info.plist */ = {isa = PBXFileReference; lastKnownFileType = text.plist.xml; path = Info.plist; sourceTree = "<group>"; };
		E90DDDCE2281D59F00F512E7 /* LeftBarSampleTests.xctest */ = {isa = PBXFileReference; explicitFileType = wrapper.cfbundle; includeInIndex = 0; path = LeftBarSampleTests.xctest; sourceTree = BUILT_PRODUCTS_DIR; };
		E90DDDD22281D59F00F512E7 /* LeftBarSampleTests.swift */ = {isa = PBXFileReference; lastKnownFileType = sourcecode.swift; path = LeftBarSampleTests.swift; sourceTree = "<group>"; };
		E90DDDD42281D59F00F512E7 /* Info.plist */ = {isa = PBXFileReference; lastKnownFileType = text.plist.xml; path = Info.plist; sourceTree = "<group>"; };
/* End PBXFileReference section */

/* Begin PBXFrameworksBuildPhase section */
		E90DDDB72281D59D00F512E7 /* Frameworks */ = {
			isa = PBXFrameworksBuildPhase;
			buildActionMask = 2147483647;
			files = (
			);
			runOnlyForDeploymentPostprocessing = 0;
		};
		E90DDDCB2281D59F00F512E7 /* Frameworks */ = {
			isa = PBXFrameworksBuildPhase;
			buildActionMask = 2147483647;
			files = (
			);
			runOnlyForDeploymentPostprocessing = 0;
		};
/* End PBXFrameworksBuildPhase section */

/* Begin PBXGroup section */
		E90DDDB12281D59D00F512E7 = {
			isa = PBXGroup;
			children = (
				E90DDDBC2281D59D00F512E7 /* LeftBarSample */,
				E90DDDD12281D59F00F512E7 /* LeftBarSampleTests */,
				E90DDDBB2281D59D00F512E7 /* Products */,
			);
			sourceTree = "<group>";
		};
		E90DDDBB2281D59D00F512E7 /* Products */ = {
			isa = PBXGroup;
			children = (
				E90DDDBA2281D59D00F512E7 /* LeftBarSample.app */,
				E90DDDCE2281D59F00F512E7 /* LeftBarSampleTests.xctest */,
			);
			name = Products;
			sourceTree = "<group>";
		};
		E90DDDBC2281D59D00F512E7 /* LeftBarSample */ = {
			isa = PBXGroup;
			children = (
				E90DDDBD2281D59D00F512E7 /* AppDelegate.swift */,
				E90DDDBF2281D59D00F512E7 /* ViewController.swift */,
				E90DDDC12281D59D00F512E7 /* Main.storyboard */,
				E90DDDC42281D59F00F512E7 /* Assets.xcassets */,
				E90DDDC62281D59F00F512E7 /* LaunchScreen.storyboard */,
				E90DDDC92281D59F00F512E7 /* Info.plist */,
			);
			path = LeftBarSample;
			sourceTree = "<group>";
		};
		E90DDDD12281D59F00F512E7 /* LeftBarSampleTests */ = {
			isa = PBXGroup;
			children = (
				E90DDDD22281D59F00F512E7 /* LeftBarSampleTests.swift */,
				E90DDDD42281D59F00F512E7 /* Info.plist */,
			);
			path = LeftBarSampleTests;
			sourceTree = "<group>";
		};
/* End PBXGroup section */

/* Begin PBXNativeTarget section */
		E90DDDB92281D59D00F512E7 /* LeftBarSample */ = {
			isa = PBXNativeTarget;
			buildConfigurationList = E90DDDD72281D59F00F512E7 /* Build configuration list for PBXNativeTarget "LeftBarSample" */;
			buildPhases = (
				E90DDDB62281D59D00F512E7 /* Sources */,
				E90DDDB72281D59D00F512E7 /* Frameworks */,
				E90DDDB82281D59D00F512E7 /* Resources */,
			);
			buildRules = (
			);
			dependencies = (
			);
			name = LeftBarSample;
			productName = LeftBarSample;
			productReference = E90DDDBA2281D59D00F512E7 /* LeftBarSample.app */;
			productType = "com.apple.product-type.application";
		};
		E90DDDCD2281D59F00F512E7 /* LeftBarSampleTests */ = {
			isa = PBXNativeTarget;
			buildConfigurationList = E90DDDDA2281D59F00F512E7 /* Build configuration list for PBXNativeTarget "LeftBarSampleTests" */;
			buildPhases = (
				E90DDDCA2281D59F00F512E7 /* Sources */,
				E90DDDCB2281D59F00F512E7 /* Frameworks */,
				E90DDDCC2281D59F00F512E7 /* Resources */,
			);
			buildRules = (
			);
			dependencies = (
				E90DDDD02281D59F00F512E7 /* PBXTargetDependency */,
			);
			name = LeftBarSampleTests;
			productName = LeftBarSampleTests;
			productReference = E90DDDCE2281D59F00F512E7 /* LeftBarSampleTests.xctest */;
			productType = "com.apple.product-type.bundle.unit-test";
		};
/* End PBXNativeTarget section */

/* Begin PBXProject section */
		E90DDDB22281D59D00F512E7 /* Project object */ = {
			isa = PBXProject;
			attributes = {
				LastSwiftUpdateCheck = 1020;
				LastUpgradeCheck = 1020;
				ORGANIZATIONNAME = "はるふ";
				TargetAttributes = {
					E90DDDB92281D59D00F512E7 = {
						CreatedOnToolsVersion = 10.2.1;
					};
					E90DDDCD2281D59F00F512E7 = {
						CreatedOnToolsVersion = 10.2.1;
						TestTargetID = E90DDDB92281D59D00F512E7;
					};
				};
			};
			buildConfigurationList = E90DDDB52281D59D00F512E7 /* Build configuration list for PBXProject "LeftBarSample" */;
			compatibilityVersion = "Xcode 9.3";
			developmentRegion = en;
			hasScannedForEncodings = 0;
			knownRegions = (
				en,
				Base,
			);
			mainGroup = E90DDDB12281D59D00F512E7;
			productRefGroup = E90DDDBB2281D59D00F512E7 /* Products */;
			projectDirPath = "";
			projectRoot = "";
			targets = (
				E90DDDB92281D59D00F512E7 /* LeftBarSample */,
				E90DDDCD2281D59F00F512E7 /* LeftBarSampleTests */,
			);
		};
/* End PBXProject section */

/* Begin PBXResourcesBuildPhase section */
		E90DDDB82281D59D00F512E7 /* Resources */ = {
			isa = PBXResourcesBuildPhase;
			buildActionMask = 2147483647;
			files = (
				E90DDDC82281D59F00F512E7 /* LaunchScreen.storyboard in Resources */,
				E90DDDC52281D59F00F512E7 /* Assets.xcassets in Resources */,
				E90DDDC32281D59D00F512E7 /* Main.storyboard in Resources */,
			);
			runOnlyForDeploymentPostprocessing = 0;
		};
		E90DDDCC2281D59F00F512E7 /* Resources */ = {
			isa = PBXResourcesBuildPhase;
			buildActionMask = 2147483647;
			files = (
			);
			runOnlyForDeploymentPostprocessing = 0;
		};
/* End PBXResourcesBuildPhase section */

/* Begin PBXSourcesBuildPhase section */
		E90DDDB62281D59D00F512E7 /* Sources */ = {
			isa = PBXSourcesBuildPhase;
			buildActionMask = 2147483647;
			files = (
				E90DDDC02281D59D00F512E7 /* ViewController.swift in Sources */,
				E90DDDBE2281D59D00F512E7 /* AppDelegate.swift in Sources */,
			);
			runOnlyForDeploymentPostprocessing = 0;
		};
		E90DDDCA2281D59F00F512E7 /* Sources */ = {
			isa = PBXSourcesBuildPhase;
			buildActionMask = 2147483647;
			files = (
				E90DDDD32281D59F00F512E7 /* LeftBarSampleTests.swift in Sources */,
			);
			runOnlyForDeploymentPostprocessing = 0;
		};
/* End PBXSourcesBuildPhase section */

/* Begin PBXTargetDependency section */
		E90DDDD02281D59F00F512E7 /* PBXTargetDependency */ = {
			isa = PBXTargetDependency;
			target = E90DDDB92281D59D00F512E7 /* LeftBarSample */;
			targetProxy = E90DDDCF2281D59F00F512E7 /* PBXContainerItemProxy */;
		};
/* End PBXTargetDependency section */

/* Begin PBXVariantGroup section */
		E90DDDC12281D59D00F512E7 /* Main.storyboard */ = {
			isa = PBXVariantGroup;
			children = (
				E90DDDC22281D59D00F512E7 /* Base */,
			);
			name = Main.storyboard;
			sourceTree = "<group>";
		};
		E90DDDC62281D59F00F512E7 /* LaunchScreen.storyboard */ = {
			isa = PBXVariantGroup;
			children = (
				E90DDDC72281D59F00F512E7 /* Base */,
			);
			name = LaunchScreen.storyboard;
			sourceTree = "<group>";
		};
/* End PBXVariantGroup section */

/* Begin XCBuildConfiguration section */
		E90DDDD52281D59F00F512E7 /* Debug */ = {
			isa = XCBuildConfiguration;
			buildSettings = {
				ALWAYS_SEARCH_USER_PATHS = NO;
				CLANG_ANALYZER_NONNULL = YES;
				CLANG_ANALYZER_NUMBER_OBJECT_CONVERSION = YES_AGGRESSIVE;
				CLANG_CXX_LANGUAGE_STANDARD = "gnu++14";
				CLANG_CXX_LIBRARY = "libc++";
				CLANG_ENABLE_MODULES = YES;
				CLANG_ENABLE_OBJC_ARC = YES;
				CLANG_ENABLE_OBJC_WEAK = YES;
				CLANG_WARN_BLOCK_CAPTURE_AUTORELEASING = YES;
				CLANG_WARN_BOOL_CONVERSION = YES;
				CLANG_WARN_COMMA = YES;
				CLANG_WARN_CONSTANT_CONVERSION = YES;
				CLANG_WARN_DEPRECATED_OBJC_IMPLEMENTATIONS = YES;
				CLANG_WARN_DIRECT_OBJC_ISA_USAGE = YES_ERROR;
				CLANG_WARN_DOCUMENTATION_COMMENTS = YES;
				CLANG_WARN_EMPTY_BODY = YES;
				CLANG_WARN_ENUM_CONVERSION = YES;
				CLANG_WARN_INFINITE_RECURSION = YES;
				CLANG_WARN_INT_CONVERSION = YES;
				CLANG_WARN_NON_LITERAL_NULL_CONVERSION = YES;
				CLANG_WARN_OBJC_IMPLICIT_RETAIN_SELF = YES;
				CLANG_WARN_OBJC_LITERAL_CONVERSION = YES;
				CLANG_WARN_OBJC_ROOT_CLASS = YES_ERROR;
				CLANG_WARN_RANGE_LOOP_ANALYSIS = YES;
				CLANG_WARN_STRICT_PROTOTYPES = YES;
				CLANG_WARN_SUSPICIOUS_MOVE = YES;
				CLANG_WARN_UNGUARDED_AVAILABILITY = YES_AGGRESSIVE;
				CLANG_WARN_UNREACHABLE_CODE = YES;
				CLANG_WARN__DUPLICATE_METHOD_MATCH = YES;
				CODE_SIGN_IDENTITY = "iPhone Developer";
				COPY_PHASE_STRIP = NO;
				DEBUG_INFORMATION_FORMAT = dwarf;
				ENABLE_STRICT_OBJC_MSGSEND = YES;
				ENABLE_TESTABILITY = YES;
				GCC_C_LANGUAGE_STANDARD = gnu11;
				GCC_DYNAMIC_NO_PIC = NO;
				GCC_NO_COMMON_BLOCKS = YES;
				GCC_OPTIMIZATION_LEVEL = 0;
				GCC_PREPROCESSOR_DEFINITIONS = (
					"DEBUG=1",
					"$(inherited)",
				);
				GCC_WARN_64_TO_32_BIT_CONVERSION = YES;
				GCC_WARN_ABOUT_RETURN_TYPE = YES_ERROR;
				GCC_WARN_UNDECLARED_SELECTOR = YES;
				GCC_WARN_UNINITIALIZED_AUTOS = YES_AGGRESSIVE;
				GCC_WARN_UNUSED_FUNCTION = YES;
				GCC_WARN_UNUSED_VARIABLE = YES;
				IPHONEOS_DEPLOYMENT_TARGET = 12.2;
				MTL_ENABLE_DEBUG_INFO = INCLUDE_SOURCE;
				MTL_FAST_MATH = YES;
				ONLY_ACTIVE_ARCH = YES;
				SDKROOT = iphoneos;
				SWIFT_ACTIVE_COMPILATION_CONDITIONS = DEBUG;
				SWIFT_OPTIMIZATION_LEVEL = "-Onone";
			};
			name = Debug;
		};
		E90DDDD62281D59F00F512E7 /* Release */ = {
			isa = XCBuildConfiguration;
			buildSettings = {
				ALWAYS_SEARCH_USER_PATHS = NO;
				CLANG_ANALYZER_NONNULL = YES;
				CLANG_ANALYZER_NUMBER_OBJECT_CONVERSION = YES_AGGRESSIVE;
				CLANG_CXX_LANGUAGE_STANDARD = "gnu++14";
				CLANG_CXX_LIBRARY = "libc++";
				CLANG_ENABLE_MODULES = YES;
				CLANG_ENABLE_OBJC_ARC = YES;
				CLANG_ENABLE_OBJC_WEAK = YES;
				CLANG_WARN_BLOCK_CAPTURE_AUTORELEASING = YES;
				CLANG_WARN_BOOL_CONVERSION = YES;
				CLANG_WARN_COMMA = YES;
				CLANG_WARN_CONSTANT_CONVERSION = YES;
				CLANG_WARN_DEPRECATED_OBJC_IMPLEMENTATIONS = YES;
				CLANG_WARN_DIRECT_OBJC_ISA_USAGE = YES_ERROR;
				CLANG_WARN_DOCUMENTATION_COMMENTS = YES;
				CLANG_WARN_EMPTY_BODY = YES;
				CLANG_WARN_ENUM_CONVERSION = YES;
				CLANG_WARN_INFINITE_RECURSION = YES;
				CLANG_WARN_INT_CONVERSION = YES;
				CLANG_WARN_NON_LITERAL_NULL_CONVERSION = YES;
				CLANG_WARN_OBJC_IMPLICIT_RETAIN_SELF = YES;
				CLANG_WARN_OBJC_LITERAL_CONVERSION = YES;
				CLANG_WARN_OBJC_ROOT_CLASS = YES_ERROR;
				CLANG_WARN_RANGE_LOOP_ANALYSIS = YES;
				CLANG_WARN_STRICT_PROTOTYPES = YES;
				CLANG_WARN_SUSPICIOUS_MOVE = YES;
				CLANG_WARN_UNGUARDED_AVAILABILITY = YES_AGGRESSIVE;
				CLANG_WARN_UNREACHABLE_CODE = YES;
				CLANG_WARN__DUPLICATE_METHOD_MATCH = YES;
				CODE_SIGN_IDENTITY = "iPhone Developer";
				COPY_PHASE_STRIP = NO;
				DEBUG_INFORMATION_FORMAT = "dwarf-with-dsym";
				ENABLE_NS_ASSERTIONS = NO;
				ENABLE_STRICT_OBJC_MSGSEND = YES;
				GCC_C_LANGUAGE_STANDARD = gnu11;
				GCC_NO_COMMON_BLOCKS = YES;
				GCC_WARN_64_TO_32_BIT_CONVERSION = YES;
				GCC_WARN_ABOUT_RETURN_TYPE = YES_ERROR;
				GCC_WARN_UNDECLARED_SELECTOR = YES;
				GCC_WARN_UNINITIALIZED_AUTOS = YES_AGGRESSIVE;
				GCC_WARN_UNUSED_FUNCTION = YES;
				GCC_WARN_UNUSED_VARIABLE = YES;
				IPHONEOS_DEPLOYMENT_TARGET = 12.2;
				MTL_ENABLE_DEBUG_INFO = NO;
				MTL_FAST_MATH = YES;
				SDKROOT = iphoneos;
				SWIFT_COMPILATION_MODE = wholemodule;
				SWIFT_OPTIMIZATION_LEVEL = "-O";
				VALIDATE_PRODUCT = YES;
			};
			name = Release;
		};
		E90DDDD82281D59F00F512E7 /* Debug */ = {
			isa = XCBuildConfiguration;
			buildSettings = {
				ASSETCATALOG_COMPILER_APPICON_NAME = AppIcon;
				CODE_SIGN_STYLE = Automatic;
				INFOPLIST_FILE = LeftBarSample/Info.plist;
				LD_RUNPATH_SEARCH_PATHS = (
					"$(inherited)",
					"@executable_path/Frameworks",
				);
				PRODUCT_BUNDLE_IDENTIFIER = net.ha1f.LeftBarSample;
				PRODUCT_NAME = "$(TARGET_NAME)";
				SWIFT_VERSION = 5.0;
				TARGETED_DEVICE_FAMILY = "1,2";
			};
			name = Debug;
		};
		E90DDDD92281D59F00F512E7 /* Release */ = {
			isa = XCBuildConfiguration;
			buildSettings = {
				ASSETCATALOG_COMPILER_APPICON_NAME = AppIcon;
				CODE_SIGN_STYLE = Automatic;
				INFOPLIST_FILE = LeftBarSample/Info.plist;
				LD_RUNPATH_SEARCH_PATHS = (
					"$(inherited)",
					"@executable_path/Frameworks",
				);
				PRODUCT_BUNDLE_IDENTIFIER = net.ha1f.LeftBarSample;
				PRODUCT_NAME = "$(TARGET_NAME)";
				SWIFT_VERSION = 5.0;
				TARGETED_DEVICE_FAMILY = "1,2";
			};
			name = Release;
		};
		E90DDDDB2281D59F00F512E7 /* Debug */ = {
			isa = XCBuildConfiguration;
			buildSettings = {
				ALWAYS_EMBED_SWIFT_STANDARD_LIBRARIES = YES;
				BUNDLE_LOADER = "$(TEST_HOST)";
				CODE_SIGN_STYLE = Automatic;
				INFOPLIST_FILE = LeftBarSampleTests/Info.plist;
				LD_RUNPATH_SEARCH_PATHS = (
					"$(inherited)",
					"@executable_path/Frameworks",
					"@loader_path/Frameworks",
				);
				PRODUCT_BUNDLE_IDENTIFIER = net.ha1f.LeftBarSampleTests;
				PRODUCT_NAME = "$(TARGET_NAME)";
				SWIFT_VERSION = 5.0;
				TARGETED_DEVICE_FAMILY = "1,2";
				TEST_HOST = "$(BUILT_PRODUCTS_DIR)/LeftBarSample.app/LeftBarSample";
			};
			name = Debug;
		};
		E90DDDDC2281D59F00F512E7 /* Release */ = {
			isa = XCBuildConfiguration;
			buildSettings = {
				ALWAYS_EMBED_SWIFT_STANDARD_LIBRARIES = YES;
				BUNDLE_LOADER = "$(TEST_HOST)";
				CODE_SIGN_STYLE = Automatic;
				INFOPLIST_FILE = LeftBarSampleTests/Info.plist;
				LD_RUNPATH_SEARCH_PATHS = (
					"$(inherited)",
					"@executable_path/Frameworks",
					"@loader_path/Frameworks",
				);
				PRODUCT_BUNDLE_IDENTIFIER = net.ha1f.LeftBarSampleTests;
				PRODUCT_NAME = "$(TARGET_NAME)";
				SWIFT_VERSION = 5.0;
				TARGETED_DEVICE_FAMILY = "1,2";
				TEST_HOST = "$(BUILT_PRODUCTS_DIR)/LeftBarSample.app/LeftBarSample";
			};
			name = Release;
		};
/* End XCBuildConfiguration section */

/* Begin XCConfigurationList section */
		E90DDDB52281D59D00F512E7 /* Build configuration list for PBXProject "LeftBarSample" */ = {
			isa = XCConfigurationList;
			buildConfigurations = (
				E90DDDD52281D59F00F512E7 /* Debug */,
				E90DDDD62281D59F00F512E7 /* Release */,
			);
			defaultConfigurationIsVisible = 0;
			defaultConfigurationName = Release;
		};
		E90DDDD72281D59F00F512E7 /* Build configuration list for PBXNativeTarget "LeftBarSample" */ = {
			isa = XCConfigurationList;
			buildConfigurations = (
				E90DDDD82281D59F00F512E7 /* Debug */,
				E90DDDD92281D59F00F512E7 /* Release */,
			);
			defaultConfigurationIsVisible = 0;
			defaultConfigurationName = Release;
		};
		E90DDDDA2281D59F00F512E7 /* Build configuration list for PBXNativeTarget "LeftBarSampleTests" */ = {
			isa = XCConfigurationList;
			buildConfigurations = (
				E90DDDDB2281D59F00F512E7 /* Debug */,
				E90DDDDC2281D59F00F512E7 /* Release */,
			);
			defaultConfigurationIsVisible = 0;
			defaultConfigurationName = Release;
		};
/* End XCConfigurationList section */
	};
	rootObject = E90DDDB22281D59D00F512E7 /* Project object */;
}
